// !$*UTF8*$!
{
	archiveVersion = 1;
	classes = {
	};
	objectVersion = 51;
	objects = {

/* Begin PBXBuildFile section */
		18E17B68CB135E3F34539FF4 /* Pods_BlackStoneTaskTests.framework in Frameworks */ = {isa = PBXBuildFile; fileRef = 262A5F89AD21DB04C1BB058F /* Pods_BlackStoneTaskTests.framework */; };
		A04F98FC258E2ECC008754E8 /* CurrenciesViewModel.swift in Sources */ = {isa = PBXBuildFile; fileRef = A04F98FB258E2ECC008754E8 /* CurrenciesViewModel.swift */; };
		A04F98FE258E2F50008754E8 /* ScreenState.swift in Sources */ = {isa = PBXBuildFile; fileRef = A04F98FD258E2F50008754E8 /* ScreenState.swift */; };
		A04F9900258E3020008754E8 /* CurrenciesDataSource.swift in Sources */ = {isa = PBXBuildFile; fileRef = A04F98FF258E3020008754E8 /* CurrenciesDataSource.swift */; };
		A04F9902258E3068008754E8 /* CurrenciesResponce.swift in Sources */ = {isa = PBXBuildFile; fileRef = A04F9901258E3068008754E8 /* CurrenciesResponce.swift */; };
		A04F9904258E311C008754E8 /* MoyaCurrenciesDataSource.swift in Sources */ = {isa = PBXBuildFile; fileRef = A04F9903258E311C008754E8 /* MoyaCurrenciesDataSource.swift */; };
		A04F9906258E314F008754E8 /* CurrenciesEndPoint.swift in Sources */ = {isa = PBXBuildFile; fileRef = A04F9905258E314F008754E8 /* CurrenciesEndPoint.swift */; };
		A04F9908258E3199008754E8 /* MoyaCurrenciesEndPoint.swift in Sources */ = {isa = PBXBuildFile; fileRef = A04F9907258E3199008754E8 /* MoyaCurrenciesEndPoint.swift */; };
		A04F990A258E369C008754E8 /* CurrenciesUseCase.swift in Sources */ = {isa = PBXBuildFile; fileRef = A04F9909258E369C008754E8 /* CurrenciesUseCase.swift */; };
		A04F990C258E37DA008754E8 /* DefaultCurrenciesUseCase.swift in Sources */ = {isa = PBXBuildFile; fileRef = A04F990B258E37DA008754E8 /* DefaultCurrenciesUseCase.swift */; };
		A04F9915258E4032008754E8 /* Constants.swift in Sources */ = {isa = PBXBuildFile; fileRef = A04F9914258E4032008754E8 /* Constants.swift */; };
		A04F9917258E4A17008754E8 /* CurrenciesConvertResponse.swift in Sources */ = {isa = PBXBuildFile; fileRef = A04F9916258E4A17008754E8 /* CurrenciesConvertResponse.swift */; };
		A04F991A258E4C9A008754E8 /* CurrencyRateScreenData.swift in Sources */ = {isa = PBXBuildFile; fileRef = A04F9919258E4C9A008754E8 /* CurrencyRateScreenData.swift */; };
		A04F991D258E4FCC008754E8 /* CurrenciesRatesTableViewDataSource.swift in Sources */ = {isa = PBXBuildFile; fileRef = A04F991C258E4FCC008754E8 /* CurrenciesRatesTableViewDataSource.swift */; };
		A04F9920258E5ADA008754E8 /* CurrencyConverterViewController.swift in Sources */ = {isa = PBXBuildFile; fileRef = A04F991E258E5ADA008754E8 /* CurrencyConverterViewController.swift */; };
		A04F9921258E5ADA008754E8 /* CurrencyConverterViewController.xib in Resources */ = {isa = PBXBuildFile; fileRef = A04F991F258E5ADA008754E8 /* CurrencyConverterViewController.xib */; };
		A067EC50258E22160073667A /* AppDelegate.swift in Sources */ = {isa = PBXBuildFile; fileRef = A067EC4F258E22160073667A /* AppDelegate.swift */; };
		A067EC52258E22160073667A /* SceneDelegate.swift in Sources */ = {isa = PBXBuildFile; fileRef = A067EC51258E22160073667A /* SceneDelegate.swift */; };
		A067EC54258E22160073667A /* ViewController.swift in Sources */ = {isa = PBXBuildFile; fileRef = A067EC53258E22160073667A /* ViewController.swift */; };
		A067EC57258E22160073667A /* Main.storyboard in Resources */ = {isa = PBXBuildFile; fileRef = A067EC55258E22160073667A /* Main.storyboard */; };
		A067EC59258E22180073667A /* Assets.xcassets in Resources */ = {isa = PBXBuildFile; fileRef = A067EC58258E22180073667A /* Assets.xcassets */; };
		A067EC5C258E22180073667A /* LaunchScreen.storyboard in Resources */ = {isa = PBXBuildFile; fileRef = A067EC5A258E22180073667A /* LaunchScreen.storyboard */; };
		A067EC67258E22180073667A /* BlackStoneTaskTests.swift in Sources */ = {isa = PBXBuildFile; fileRef = A067EC66258E22180073667A /* BlackStoneTaskTests.swift */; };
		A067EC72258E22180073667A /* BlackStoneTaskUITests.swift in Sources */ = {isa = PBXBuildFile; fileRef = A067EC71258E22180073667A /* BlackStoneTaskUITests.swift */; };
		BB03E1FC2298256E2C0BEF82 /* Pods_BlackStoneTask.framework in Frameworks */ = {isa = PBXBuildFile; fileRef = E095FD6540CCBEF3C6E02672 /* Pods_BlackStoneTask.framework */; };
		DBE876194459DA7E412B396D /* Pods_BlackStoneTask_BlackStoneTaskUITests.framework in Frameworks */ = {isa = PBXBuildFile; fileRef = E11514F220B1AD9C73E743FA /* Pods_BlackStoneTask_BlackStoneTaskUITests.framework */; };
/* End PBXBuildFile section */

/* Begin PBXContainerItemProxy section */
		A067EC63258E22180073667A /* PBXContainerItemProxy */ = {
			isa = PBXContainerItemProxy;
			containerPortal = A067EC44258E22160073667A /* Project object */;
			proxyType = 1;
			remoteGlobalIDString = A067EC4B258E22160073667A;
			remoteInfo = BlackStoneTask;
		};
		A067EC6E258E22180073667A /* PBXContainerItemProxy */ = {
			isa = PBXContainerItemProxy;
			containerPortal = A067EC44258E22160073667A /* Project object */;
			proxyType = 1;
			remoteGlobalIDString = A067EC4B258E22160073667A;
			remoteInfo = BlackStoneTask;
		};
/* End PBXContainerItemProxy section */

/* Begin PBXFileReference section */
		01D347B76A49C3CE54AD611F /* Pods-BlackStoneTask-BlackStoneTaskUITests.release.xcconfig */ = {isa = PBXFileReference; includeInIndex = 1; lastKnownFileType = text.xcconfig; name = "Pods-BlackStoneTask-BlackStoneTaskUITests.release.xcconfig"; path = "Target Support Files/Pods-BlackStoneTask-BlackStoneTaskUITests/Pods-BlackStoneTask-BlackStoneTaskUITests.release.xcconfig"; sourceTree = "<group>"; };
		13A61F6BC13F414D7CDE83CF /* Pods-BlackStoneTask.debug.xcconfig */ = {isa = PBXFileReference; includeInIndex = 1; lastKnownFileType = text.xcconfig; name = "Pods-BlackStoneTask.debug.xcconfig"; path = "Target Support Files/Pods-BlackStoneTask/Pods-BlackStoneTask.debug.xcconfig"; sourceTree = "<group>"; };
		262A5F89AD21DB04C1BB058F /* Pods_BlackStoneTaskTests.framework */ = {isa = PBXFileReference; explicitFileType = wrapper.framework; includeInIndex = 0; path = Pods_BlackStoneTaskTests.framework; sourceTree = BUILT_PRODUCTS_DIR; };
		42799086E33684A98BFF9113 /* Pods-BlackStoneTask-BlackStoneTaskUITests.debug.xcconfig */ = {isa = PBXFileReference; includeInIndex = 1; lastKnownFileType = text.xcconfig; name = "Pods-BlackStoneTask-BlackStoneTaskUITests.debug.xcconfig"; path = "Target Support Files/Pods-BlackStoneTask-BlackStoneTaskUITests/Pods-BlackStoneTask-BlackStoneTaskUITests.debug.xcconfig"; sourceTree = "<group>"; };
		47F60937F3BDBEE3779A893F /* Pods-BlackStoneTaskTests.debug.xcconfig */ = {isa = PBXFileReference; includeInIndex = 1; lastKnownFileType = text.xcconfig; name = "Pods-BlackStoneTaskTests.debug.xcconfig"; path = "Target Support Files/Pods-BlackStoneTaskTests/Pods-BlackStoneTaskTests.debug.xcconfig"; sourceTree = "<group>"; };
		84B365F3B5C9E05F879D9774 /* Pods-BlackStoneTask.release.xcconfig */ = {isa = PBXFileReference; includeInIndex = 1; lastKnownFileType = text.xcconfig; name = "Pods-BlackStoneTask.release.xcconfig"; path = "Target Support Files/Pods-BlackStoneTask/Pods-BlackStoneTask.release.xcconfig"; sourceTree = "<group>"; };
		A04F98FB258E2ECC008754E8 /* CurrenciesViewModel.swift */ = {isa = PBXFileReference; lastKnownFileType = sourcecode.swift; path = CurrenciesViewModel.swift; sourceTree = "<group>"; };
		A04F98FD258E2F50008754E8 /* ScreenState.swift */ = {isa = PBXFileReference; lastKnownFileType = sourcecode.swift; path = ScreenState.swift; sourceTree = "<group>"; };
		A04F98FF258E3020008754E8 /* CurrenciesDataSource.swift */ = {isa = PBXFileReference; lastKnownFileType = sourcecode.swift; path = CurrenciesDataSource.swift; sourceTree = "<group>"; };
		A04F9901258E3068008754E8 /* CurrenciesResponce.swift */ = {isa = PBXFileReference; lastKnownFileType = sourcecode.swift; path = CurrenciesResponce.swift; sourceTree = "<group>"; };
		A04F9903258E311C008754E8 /* MoyaCurrenciesDataSource.swift */ = {isa = PBXFileReference; lastKnownFileType = sourcecode.swift; path = MoyaCurrenciesDataSource.swift; sourceTree = "<group>"; };
		A04F9905258E314F008754E8 /* CurrenciesEndPoint.swift */ = {isa = PBXFileReference; lastKnownFileType = sourcecode.swift; path = CurrenciesEndPoint.swift; sourceTree = "<group>"; };
		A04F9907258E3199008754E8 /* MoyaCurrenciesEndPoint.swift */ = {isa = PBXFileReference; lastKnownFileType = sourcecode.swift; path = MoyaCurrenciesEndPoint.swift; sourceTree = "<group>"; };
		A04F9909258E369C008754E8 /* CurrenciesUseCase.swift */ = {isa = PBXFileReference; lastKnownFileType = sourcecode.swift; path = CurrenciesUseCase.swift; sourceTree = "<group>"; };
		A04F990B258E37DA008754E8 /* DefaultCurrenciesUseCase.swift */ = {isa = PBXFileReference; lastKnownFileType = sourcecode.swift; path = DefaultCurrenciesUseCase.swift; sourceTree = "<group>"; };
		A04F9914258E4032008754E8 /* Constants.swift */ = {isa = PBXFileReference; lastKnownFileType = sourcecode.swift; path = Constants.swift; sourceTree = "<group>"; };
		A04F9916258E4A17008754E8 /* CurrenciesConvertResponse.swift */ = {isa = PBXFileReference; lastKnownFileType = sourcecode.swift; path = CurrenciesConvertResponse.swift; sourceTree = "<group>"; };
		A04F9919258E4C9A008754E8 /* CurrencyRateScreenData.swift */ = {isa = PBXFileReference; lastKnownFileType = sourcecode.swift; path = CurrencyRateScreenData.swift; sourceTree = "<group>"; };
		A04F991C258E4FCC008754E8 /* CurrenciesRatesTableViewDataSource.swift */ = {isa = PBXFileReference; lastKnownFileType = sourcecode.swift; path = CurrenciesRatesTableViewDataSource.swift; sourceTree = "<group>"; };
		A04F991E258E5ADA008754E8 /* CurrencyConverterViewController.swift */ = {isa = PBXFileReference; lastKnownFileType = sourcecode.swift; path = CurrencyConverterViewController.swift; sourceTree = "<group>"; };
		A04F991F258E5ADA008754E8 /* CurrencyConverterViewController.xib */ = {isa = PBXFileReference; lastKnownFileType = file.xib; path = CurrencyConverterViewController.xib; sourceTree = "<group>"; };
		A067EC4C258E22160073667A /* BlackStoneTask.app */ = {isa = PBXFileReference; explicitFileType = wrapper.application; includeInIndex = 0; path = BlackStoneTask.app; sourceTree = BUILT_PRODUCTS_DIR; };
		A067EC4F258E22160073667A /* AppDelegate.swift */ = {isa = PBXFileReference; lastKnownFileType = sourcecode.swift; path = AppDelegate.swift; sourceTree = "<group>"; };
		A067EC51258E22160073667A /* SceneDelegate.swift */ = {isa = PBXFileReference; lastKnownFileType = sourcecode.swift; path = SceneDelegate.swift; sourceTree = "<group>"; };
		A067EC53258E22160073667A /* ViewController.swift */ = {isa = PBXFileReference; lastKnownFileType = sourcecode.swift; path = ViewController.swift; sourceTree = "<group>"; };
		A067EC56258E22160073667A /* Base */ = {isa = PBXFileReference; lastKnownFileType = file.storyboard; name = Base; path = Base.lproj/Main.storyboard; sourceTree = "<group>"; };
		A067EC58258E22180073667A /* Assets.xcassets */ = {isa = PBXFileReference; lastKnownFileType = folder.assetcatalog; path = Assets.xcassets; sourceTree = "<group>"; };
		A067EC5B258E22180073667A /* Base */ = {isa = PBXFileReference; lastKnownFileType = file.storyboard; name = Base; path = Base.lproj/LaunchScreen.storyboard; sourceTree = "<group>"; };
		A067EC5D258E22180073667A /* Info.plist */ = {isa = PBXFileReference; lastKnownFileType = text.plist.xml; path = Info.plist; sourceTree = "<group>"; };
		A067EC62258E22180073667A /* BlackStoneTaskTests.xctest */ = {isa = PBXFileReference; explicitFileType = wrapper.cfbundle; includeInIndex = 0; path = BlackStoneTaskTests.xctest; sourceTree = BUILT_PRODUCTS_DIR; };
		A067EC66258E22180073667A /* BlackStoneTaskTests.swift */ = {isa = PBXFileReference; lastKnownFileType = sourcecode.swift; path = BlackStoneTaskTests.swift; sourceTree = "<group>"; };
		A067EC68258E22180073667A /* Info.plist */ = {isa = PBXFileReference; lastKnownFileType = text.plist.xml; path = Info.plist; sourceTree = "<group>"; };
		A067EC6D258E22180073667A /* BlackStoneTaskUITests.xctest */ = {isa = PBXFileReference; explicitFileType = wrapper.cfbundle; includeInIndex = 0; path = BlackStoneTaskUITests.xctest; sourceTree = BUILT_PRODUCTS_DIR; };
		A067EC71258E22180073667A /* BlackStoneTaskUITests.swift */ = {isa = PBXFileReference; lastKnownFileType = sourcecode.swift; path = BlackStoneTaskUITests.swift; sourceTree = "<group>"; };
		A067EC73258E22180073667A /* Info.plist */ = {isa = PBXFileReference; lastKnownFileType = text.plist.xml; path = Info.plist; sourceTree = "<group>"; };
		CB85DD71C4024DBEB7229118 /* Pods-BlackStoneTaskTests.release.xcconfig */ = {isa = PBXFileReference; includeInIndex = 1; lastKnownFileType = text.xcconfig; name = "Pods-BlackStoneTaskTests.release.xcconfig"; path = "Target Support Files/Pods-BlackStoneTaskTests/Pods-BlackStoneTaskTests.release.xcconfig"; sourceTree = "<group>"; };
		E095FD6540CCBEF3C6E02672 /* Pods_BlackStoneTask.framework */ = {isa = PBXFileReference; explicitFileType = wrapper.framework; includeInIndex = 0; path = Pods_BlackStoneTask.framework; sourceTree = BUILT_PRODUCTS_DIR; };
		E11514F220B1AD9C73E743FA /* Pods_BlackStoneTask_BlackStoneTaskUITests.framework */ = {isa = PBXFileReference; explicitFileType = wrapper.framework; includeInIndex = 0; path = Pods_BlackStoneTask_BlackStoneTaskUITests.framework; sourceTree = BUILT_PRODUCTS_DIR; };
/* End PBXFileReference section */

/* Begin PBXFrameworksBuildPhase section */
		A067EC49258E22160073667A /* Frameworks */ = {
			isa = PBXFrameworksBuildPhase;
			buildActionMask = 2147483647;
			files = (
				BB03E1FC2298256E2C0BEF82 /* Pods_BlackStoneTask.framework in Frameworks */,
			);
			runOnlyForDeploymentPostprocessing = 0;
		};
		A067EC5F258E22180073667A /* Frameworks */ = {
			isa = PBXFrameworksBuildPhase;
			buildActionMask = 2147483647;
			files = (
				18E17B68CB135E3F34539FF4 /* Pods_BlackStoneTaskTests.framework in Frameworks */,
			);
			runOnlyForDeploymentPostprocessing = 0;
		};
		A067EC6A258E22180073667A /* Frameworks */ = {
			isa = PBXFrameworksBuildPhase;
			buildActionMask = 2147483647;
			files = (
				DBE876194459DA7E412B396D /* Pods_BlackStoneTask_BlackStoneTaskUITests.framework in Frameworks */,
			);
			runOnlyForDeploymentPostprocessing = 0;
		};
/* End PBXFrameworksBuildPhase section */

/* Begin PBXGroup section */
		138B0E6977B4FE5F796AA325 /* Frameworks */ = {
			isa = PBXGroup;
			children = (
				E095FD6540CCBEF3C6E02672 /* Pods_BlackStoneTask.framework */,
				E11514F220B1AD9C73E743FA /* Pods_BlackStoneTask_BlackStoneTaskUITests.framework */,
				262A5F89AD21DB04C1BB058F /* Pods_BlackStoneTaskTests.framework */,
			);
			name = Frameworks;
			sourceTree = "<group>";
		};
		771DEAAAD1C014BC3367372A /* Pods */ = {
			isa = PBXGroup;
			children = (
				13A61F6BC13F414D7CDE83CF /* Pods-BlackStoneTask.debug.xcconfig */,
				84B365F3B5C9E05F879D9774 /* Pods-BlackStoneTask.release.xcconfig */,
				42799086E33684A98BFF9113 /* Pods-BlackStoneTask-BlackStoneTaskUITests.debug.xcconfig */,
				01D347B76A49C3CE54AD611F /* Pods-BlackStoneTask-BlackStoneTaskUITests.release.xcconfig */,
				47F60937F3BDBEE3779A893F /* Pods-BlackStoneTaskTests.debug.xcconfig */,
				CB85DD71C4024DBEB7229118 /* Pods-BlackStoneTaskTests.release.xcconfig */,
			);
			path = Pods;
			sourceTree = "<group>";
		};
		A04F990D258E37FD008754E8 /* Protocols */ = {
			isa = PBXGroup;
			children = (
				A04F9909258E369C008754E8 /* CurrenciesUseCase.swift */,
				A04F98FF258E3020008754E8 /* CurrenciesDataSource.swift */,
			);
			path = Protocols;
			sourceTree = "<group>";
		};
		A04F990E258E3828008754E8 /* Presentation */ = {
			isa = PBXGroup;
			children = (
				A04F9923258E5B08008754E8 /* Currencies */,
				A04F9922258E5AED008754E8 /* Currency Converter */,
			);
			path = Presentation;
			sourceTree = "<group>";
		};
		A04F990F258E3842008754E8 /* network */ = {
			isa = PBXGroup;
			children = (
				A04F9903258E311C008754E8 /* MoyaCurrenciesDataSource.swift */,
			);
			path = network;
			sourceTree = "<group>";
		};
		A04F9910258E384E008754E8 /* framework */ = {
			isa = PBXGroup;
			children = (
				A04F9911258E3899008754E8 /* EndPoints */,
				A04F990F258E3842008754E8 /* network */,
			);
			path = framework;
			sourceTree = "<group>";
		};
		A04F9911258E3899008754E8 /* EndPoints */ = {
			isa = PBXGroup;
			children = (
				A04F9907258E3199008754E8 /* MoyaCurrenciesEndPoint.swift */,
			);
			path = EndPoints;
			sourceTree = "<group>";
		};
		A04F9912258E38AC008754E8 /* UseCases */ = {
			isa = PBXGroup;
			children = (
				A04F990B258E37DA008754E8 /* DefaultCurrenciesUseCase.swift */,
			);
			path = UseCases;
			sourceTree = "<group>";
		};
		A04F9913258E38BD008754E8 /* JsonEntities */ = {
			isa = PBXGroup;
			children = (
				A04F9901258E3068008754E8 /* CurrenciesResponce.swift */,
				A04F9916258E4A17008754E8 /* CurrenciesConvertResponse.swift */,
			);
			path = JsonEntities;
			sourceTree = "<group>";
		};
		A04F9918258E4C72008754E8 /* Entities */ = {
			isa = PBXGroup;
			children = (
				A04F9913258E38BD008754E8 /* JsonEntities */,
				A04F991B258E4CD4008754E8 /* PresentaionEntities */,
			);
			path = Entities;
			sourceTree = "<group>";
		};
		A04F991B258E4CD4008754E8 /* PresentaionEntities */ = {
			isa = PBXGroup;
			children = (
				A04F9919258E4C9A008754E8 /* CurrencyRateScreenData.swift */,
			);
			path = PresentaionEntities;
			sourceTree = "<group>";
		};
		A04F9922258E5AED008754E8 /* Currency Converter */ = {
			isa = PBXGroup;
			children = (
				A04F991E258E5ADA008754E8 /* CurrencyConverterViewController.swift */,
				A04F991F258E5ADA008754E8 /* CurrencyConverterViewController.xib */,
			);
			path = "Currency Converter";
			sourceTree = "<group>";
		};
		A04F9923258E5B08008754E8 /* Currencies */ = {
			isa = PBXGroup;
			children = (
				A067EC53258E22160073667A /* ViewController.swift */,
				A04F98FB258E2ECC008754E8 /* CurrenciesViewModel.swift */,
				A04F991C258E4FCC008754E8 /* CurrenciesRatesTableViewDataSource.swift */,
			);
			path = Currencies;
			sourceTree = "<group>";
		};
		A067EC43258E22160073667A = {
			isa = PBXGroup;
			children = (
				A067EC4E258E22160073667A /* BlackStoneTask */,
				A067EC65258E22180073667A /* BlackStoneTaskTests */,
				A067EC70258E22180073667A /* BlackStoneTaskUITests */,
				A067EC4D258E22160073667A /* Products */,
				771DEAAAD1C014BC3367372A /* Pods */,
				138B0E6977B4FE5F796AA325 /* Frameworks */,
			);
			sourceTree = "<group>";
		};
		A067EC4D258E22160073667A /* Products */ = {
			isa = PBXGroup;
			children = (
				A067EC4C258E22160073667A /* BlackStoneTask.app */,
				A067EC62258E22180073667A /* BlackStoneTaskTests.xctest */,
				A067EC6D258E22180073667A /* BlackStoneTaskUITests.xctest */,
			);
			name = Products;
			sourceTree = "<group>";
		};
		A067EC4E258E22160073667A /* BlackStoneTask */ = {
			isa = PBXGroup;
			children = (
				A067EC4F258E22160073667A /* AppDelegate.swift */,
				A04F9914258E4032008754E8 /* Constants.swift */,
				A067EC51258E22160073667A /* SceneDelegate.swift */,
				A04F990E258E3828008754E8 /* Presentation */,
				A04F9918258E4C72008754E8 /* Entities */,
				A04F9905258E314F008754E8 /* CurrenciesEndPoint.swift */,
				A04F990D258E37FD008754E8 /* Protocols */,
				A04F9910258E384E008754E8 /* framework */,
				A04F9912258E38AC008754E8 /* UseCases */,
				A04F98FD258E2F50008754E8 /* ScreenState.swift */,
				A067EC55258E22160073667A /* Main.storyboard */,
				A067EC58258E22180073667A /* Assets.xcassets */,
				A067EC5A258E22180073667A /* LaunchScreen.storyboard */,
				A067EC5D258E22180073667A /* Info.plist */,
			);
			path = BlackStoneTask;
			sourceTree = "<group>";
		};
		A067EC65258E22180073667A /* BlackStoneTaskTests */ = {
			isa = PBXGroup;
			children = (
				A067EC66258E22180073667A /* BlackStoneTaskTests.swift */,
				A067EC68258E22180073667A /* Info.plist */,
			);
			path = BlackStoneTaskTests;
			sourceTree = "<group>";
		};
		A067EC70258E22180073667A /* BlackStoneTaskUITests */ = {
			isa = PBXGroup;
			children = (
				A067EC71258E22180073667A /* BlackStoneTaskUITests.swift */,
				A067EC73258E22180073667A /* Info.plist */,
			);
			path = BlackStoneTaskUITests;
			sourceTree = "<group>";
		};
/* End PBXGroup section */

/* Begin PBXNativeTarget section */
		A067EC4B258E22160073667A /* BlackStoneTask */ = {
			isa = PBXNativeTarget;
			buildConfigurationList = A067EC76258E22180073667A /* Build configuration list for PBXNativeTarget "BlackStoneTask" */;
			buildPhases = (
				C107519047702392D8192F20 /* [CP] Check Pods Manifest.lock */,
				A067EC48258E22160073667A /* Sources */,
				A067EC49258E22160073667A /* Frameworks */,
				A067EC4A258E22160073667A /* Resources */,
				9A6863264610FE15510D831B /* [CP] Embed Pods Frameworks */,
			);
			buildRules = (
			);
			dependencies = (
			);
			name = BlackStoneTask;
			productName = BlackStoneTask;
			productReference = A067EC4C258E22160073667A /* BlackStoneTask.app */;
			productType = "com.apple.product-type.application";
		};
		A067EC61258E22180073667A /* BlackStoneTaskTests */ = {
			isa = PBXNativeTarget;
			buildConfigurationList = A067EC79258E22180073667A /* Build configuration list for PBXNativeTarget "BlackStoneTaskTests" */;
			buildPhases = (
				BDB2567CEACE541F05A0E8DC /* [CP] Check Pods Manifest.lock */,
				A067EC5E258E22180073667A /* Sources */,
				A067EC5F258E22180073667A /* Frameworks */,
				A067EC60258E22180073667A /* Resources */,
			);
			buildRules = (
			);
			dependencies = (
				A067EC64258E22180073667A /* PBXTargetDependency */,
			);
			name = BlackStoneTaskTests;
			productName = BlackStoneTaskTests;
			productReference = A067EC62258E22180073667A /* BlackStoneTaskTests.xctest */;
			productType = "com.apple.product-type.bundle.unit-test";
		};
		A067EC6C258E22180073667A /* BlackStoneTaskUITests */ = {
			isa = PBXNativeTarget;
			buildConfigurationList = A067EC7C258E22180073667A /* Build configuration list for PBXNativeTarget "BlackStoneTaskUITests" */;
			buildPhases = (
				16E2239149ADC352CE8A862C /* [CP] Check Pods Manifest.lock */,
				A067EC69258E22180073667A /* Sources */,
				A067EC6A258E22180073667A /* Frameworks */,
				A067EC6B258E22180073667A /* Resources */,
				E1D69B815F244FCDB7B33789 /* [CP] Embed Pods Frameworks */,
			);
			buildRules = (
			);
			dependencies = (
				A067EC6F258E22180073667A /* PBXTargetDependency */,
			);
			name = BlackStoneTaskUITests;
			productName = BlackStoneTaskUITests;
			productReference = A067EC6D258E22180073667A /* BlackStoneTaskUITests.xctest */;
			productType = "com.apple.product-type.bundle.ui-testing";
		};
/* End PBXNativeTarget section */

/* Begin PBXProject section */
		A067EC44258E22160073667A /* Project object */ = {
			isa = PBXProject;
			attributes = {
				LastSwiftUpdateCheck = 1150;
				LastUpgradeCheck = 1150;
				ORGANIZATIONNAME = BlackStone;
				TargetAttributes = {
					A067EC4B258E22160073667A = {
						CreatedOnToolsVersion = 11.5;
					};
					A067EC61258E22180073667A = {
						CreatedOnToolsVersion = 11.5;
						TestTargetID = A067EC4B258E22160073667A;
					};
					A067EC6C258E22180073667A = {
						CreatedOnToolsVersion = 11.5;
						TestTargetID = A067EC4B258E22160073667A;
					};
				};
			};
			buildConfigurationList = A067EC47258E22160073667A /* Build configuration list for PBXProject "BlackStoneTask" */;
			compatibilityVersion = "Xcode 9.3";
			developmentRegion = en;
			hasScannedForEncodings = 0;
			knownRegions = (
				en,
				Base,
			);
			mainGroup = A067EC43258E22160073667A;
			productRefGroup = A067EC4D258E22160073667A /* Products */;
			projectDirPath = "";
			projectRoot = "";
			targets = (
				A067EC4B258E22160073667A /* BlackStoneTask */,
				A067EC61258E22180073667A /* BlackStoneTaskTests */,
				A067EC6C258E22180073667A /* BlackStoneTaskUITests */,
			);
		};
/* End PBXProject section */

/* Begin PBXResourcesBuildPhase section */
		A067EC4A258E22160073667A /* Resources */ = {
			isa = PBXResourcesBuildPhase;
			buildActionMask = 2147483647;
			files = (
				A067EC5C258E22180073667A /* LaunchScreen.storyboard in Resources */,
				A067EC59258E22180073667A /* Assets.xcassets in Resources */,
				A04F9921258E5ADA008754E8 /* CurrencyConverterViewController.xib in Resources */,
				A067EC57258E22160073667A /* Main.storyboard in Resources */,
			);
			runOnlyForDeploymentPostprocessing = 0;
		};
		A067EC60258E22180073667A /* Resources */ = {
			isa = PBXResourcesBuildPhase;
			buildActionMask = 2147483647;
			files = (
			);
			runOnlyForDeploymentPostprocessing = 0;
		};
		A067EC6B258E22180073667A /* Resources */ = {
			isa = PBXResourcesBuildPhase;
			buildActionMask = 2147483647;
			files = (
			);
			runOnlyForDeploymentPostprocessing = 0;
		};
/* End PBXResourcesBuildPhase section */

/* Begin PBXShellScriptBuildPhase section */
		16E2239149ADC352CE8A862C /* [CP] Check Pods Manifest.lock */ = {
			isa = PBXShellScriptBuildPhase;
			buildActionMask = 2147483647;
			files = (
			);
			inputFileListPaths = (
			);
			inputPaths = (
				"${PODS_PODFILE_DIR_PATH}/Podfile.lock",
				"${PODS_ROOT}/Manifest.lock",
			);
			name = "[CP] Check Pods Manifest.lock";
			outputFileListPaths = (
			);
			outputPaths = (
				"$(DERIVED_FILE_DIR)/Pods-BlackStoneTask-BlackStoneTaskUITests-checkManifestLockResult.txt",
			);
			runOnlyForDeploymentPostprocessing = 0;
			shellPath = /bin/sh;
			shellScript = "diff \"${PODS_PODFILE_DIR_PATH}/Podfile.lock\" \"${PODS_ROOT}/Manifest.lock\" > /dev/null\nif [ $? != 0 ] ; then\n    # print error to STDERR\n    echo \"error: The sandbox is not in sync with the Podfile.lock. Run 'pod install' or update your CocoaPods installation.\" >&2\n    exit 1\nfi\n# This output is used by Xcode 'outputs' to avoid re-running this script phase.\necho \"SUCCESS\" > \"${SCRIPT_OUTPUT_FILE_0}\"\n";
			showEnvVarsInLog = 0;
		};
		9A6863264610FE15510D831B /* [CP] Embed Pods Frameworks */ = {
			isa = PBXShellScriptBuildPhase;
			buildActionMask = 2147483647;
			files = (
			);
			inputFileListPaths = (
				"${PODS_ROOT}/Target Support Files/Pods-BlackStoneTask/Pods-BlackStoneTask-frameworks-${CONFIGURATION}-input-files.xcfilelist",
			);
			name = "[CP] Embed Pods Frameworks";
			outputFileListPaths = (
				"${PODS_ROOT}/Target Support Files/Pods-BlackStoneTask/Pods-BlackStoneTask-frameworks-${CONFIGURATION}-output-files.xcfilelist",
			);
			runOnlyForDeploymentPostprocessing = 0;
			shellPath = /bin/sh;
			shellScript = "\"${PODS_ROOT}/Target Support Files/Pods-BlackStoneTask/Pods-BlackStoneTask-frameworks.sh\"\n";
			showEnvVarsInLog = 0;
		};
		BDB2567CEACE541F05A0E8DC /* [CP] Check Pods Manifest.lock */ = {
			isa = PBXShellScriptBuildPhase;
			buildActionMask = 2147483647;
			files = (
			);
			inputFileListPaths = (
			);
			inputPaths = (
				"${PODS_PODFILE_DIR_PATH}/Podfile.lock",
				"${PODS_ROOT}/Manifest.lock",
			);
			name = "[CP] Check Pods Manifest.lock";
			outputFileListPaths = (
			);
			outputPaths = (
				"$(DERIVED_FILE_DIR)/Pods-BlackStoneTaskTests-checkManifestLockResult.txt",
			);
			runOnlyForDeploymentPostprocessing = 0;
			shellPath = /bin/sh;
			shellScript = "diff \"${PODS_PODFILE_DIR_PATH}/Podfile.lock\" \"${PODS_ROOT}/Manifest.lock\" > /dev/null\nif [ $? != 0 ] ; then\n    # print error to STDERR\n    echo \"error: The sandbox is not in sync with the Podfile.lock. Run 'pod install' or update your CocoaPods installation.\" >&2\n    exit 1\nfi\n# This output is used by Xcode 'outputs' to avoid re-running this script phase.\necho \"SUCCESS\" > \"${SCRIPT_OUTPUT_FILE_0}\"\n";
			showEnvVarsInLog = 0;
		};
		C107519047702392D8192F20 /* [CP] Check Pods Manifest.lock */ = {
			isa = PBXShellScriptBuildPhase;
			buildActionMask = 2147483647;
			files = (
			);
			inputFileListPaths = (
			);
			inputPaths = (
				"${PODS_PODFILE_DIR_PATH}/Podfile.lock",
				"${PODS_ROOT}/Manifest.lock",
			);
			name = "[CP] Check Pods Manifest.lock";
			outputFileListPaths = (
			);
			outputPaths = (
				"$(DERIVED_FILE_DIR)/Pods-BlackStoneTask-checkManifestLockResult.txt",
			);
			runOnlyForDeploymentPostprocessing = 0;
			shellPath = /bin/sh;
			shellScript = "diff \"${PODS_PODFILE_DIR_PATH}/Podfile.lock\" \"${PODS_ROOT}/Manifest.lock\" > /dev/null\nif [ $? != 0 ] ; then\n    # print error to STDERR\n    echo \"error: The sandbox is not in sync with the Podfile.lock. Run 'pod install' or update your CocoaPods installation.\" >&2\n    exit 1\nfi\n# This output is used by Xcode 'outputs' to avoid re-running this script phase.\necho \"SUCCESS\" > \"${SCRIPT_OUTPUT_FILE_0}\"\n";
			showEnvVarsInLog = 0;
		};
		E1D69B815F244FCDB7B33789 /* [CP] Embed Pods Frameworks */ = {
			isa = PBXShellScriptBuildPhase;
			buildActionMask = 2147483647;
			files = (
			);
			inputFileListPaths = (
				"${PODS_ROOT}/Target Support Files/Pods-BlackStoneTask-BlackStoneTaskUITests/Pods-BlackStoneTask-BlackStoneTaskUITests-frameworks-${CONFIGURATION}-input-files.xcfilelist",
			);
			name = "[CP] Embed Pods Frameworks";
			outputFileListPaths = (
				"${PODS_ROOT}/Target Support Files/Pods-BlackStoneTask-BlackStoneTaskUITests/Pods-BlackStoneTask-BlackStoneTaskUITests-frameworks-${CONFIGURATION}-output-files.xcfilelist",
			);
			runOnlyForDeploymentPostprocessing = 0;
			shellPath = /bin/sh;
			shellScript = "\"${PODS_ROOT}/Target Support Files/Pods-BlackStoneTask-BlackStoneTaskUITests/Pods-BlackStoneTask-BlackStoneTaskUITests-frameworks.sh\"\n";
			showEnvVarsInLog = 0;
		};
/* End PBXShellScriptBuildPhase section */

/* Begin PBXSourcesBuildPhase section */
		A067EC48258E22160073667A /* Sources */ = {
			isa = PBXSourcesBuildPhase;
			buildActionMask = 2147483647;
			files = (
				A04F98FE258E2F50008754E8 /* ScreenState.swift in Sources */,
				A04F9908258E3199008754E8 /* MoyaCurrenciesEndPoint.swift in Sources */,
				A067EC54258E22160073667A /* ViewController.swift in Sources */,
				A04F991D258E4FCC008754E8 /* CurrenciesRatesTableViewDataSource.swift in Sources */,
				A067EC50258E22160073667A /* AppDelegate.swift in Sources */,
				A04F9902258E3068008754E8 /* CurrenciesResponce.swift in Sources */,
				A067EC52258E22160073667A /* SceneDelegate.swift in Sources */,
				A04F990C258E37DA008754E8 /* DefaultCurrenciesUseCase.swift in Sources */,
				A04F9915258E4032008754E8 /* Constants.swift in Sources */,
				A04F9904258E311C008754E8 /* MoyaCurrenciesDataSource.swift in Sources */,
				A04F9917258E4A17008754E8 /* CurrenciesConvertResponse.swift in Sources */,
				A04F9906258E314F008754E8 /* CurrenciesEndPoint.swift in Sources */,
				A04F9920258E5ADA008754E8 /* CurrencyConverterViewController.swift in Sources */,
				A04F98FC258E2ECC008754E8 /* CurrenciesViewModel.swift in Sources */,
				A04F9900258E3020008754E8 /* CurrenciesDataSource.swift in Sources */,
				A04F991A258E4C9A008754E8 /* CurrencyRateScreenData.swift in Sources */,
				A04F990A258E369C008754E8 /* CurrenciesUseCase.swift in Sources */,
			);
			runOnlyForDeploymentPostprocessing = 0;
		};
		A067EC5E258E22180073667A /* Sources */ = {
			isa = PBXSourcesBuildPhase;
			buildActionMask = 2147483647;
			files = (
				A067EC67258E22180073667A /* BlackStoneTaskTests.swift in Sources */,
			);
			runOnlyForDeploymentPostprocessing = 0;
		};
		A067EC69258E22180073667A /* Sources */ = {
			isa = PBXSourcesBuildPhase;
			buildActionMask = 2147483647;
			files = (
				A067EC72258E22180073667A /* BlackStoneTaskUITests.swift in Sources */,
			);
			runOnlyForDeploymentPostprocessing = 0;
		};
/* End PBXSourcesBuildPhase section */

/* Begin PBXTargetDependency section */
		A067EC64258E22180073667A /* PBXTargetDependency */ = {
			isa = PBXTargetDependency;
			target = A067EC4B258E22160073667A /* BlackStoneTask */;
			targetProxy = A067EC63258E22180073667A /* PBXContainerItemProxy */;
		};
		A067EC6F258E22180073667A /* PBXTargetDependency */ = {
			isa = PBXTargetDependency;
			target = A067EC4B258E22160073667A /* BlackStoneTask */;
			targetProxy = A067EC6E258E22180073667A /* PBXContainerItemProxy */;
		};
/* End PBXTargetDependency section */

/* Begin PBXVariantGroup section */
		A067EC55258E22160073667A /* Main.storyboard */ = {
			isa = PBXVariantGroup;
			children = (
				A067EC56258E22160073667A /* Base */,
			);
			name = Main.storyboard;
			sourceTree = "<group>";
		};
		A067EC5A258E22180073667A /* LaunchScreen.storyboard */ = {
			isa = PBXVariantGroup;
			children = (
				A067EC5B258E22180073667A /* Base */,
			);
			name = LaunchScreen.storyboard;
			sourceTree = "<group>";
		};
/* End PBXVariantGroup section */

/* Begin XCBuildConfiguration section */
		A067EC74258E22180073667A /* Debug */ = {
			isa = XCBuildConfiguration;
			buildSettings = {
				ALWAYS_SEARCH_USER_PATHS = NO;
				CLANG_ANALYZER_NONNULL = YES;
				CLANG_ANALYZER_NUMBER_OBJECT_CONVERSION = YES_AGGRESSIVE;
				CLANG_CXX_LANGUAGE_STANDARD = "gnu++14";
				CLANG_CXX_LIBRARY = "libc++";
				CLANG_ENABLE_MODULES = YES;
				CLANG_ENABLE_OBJC_ARC = YES;
				CLANG_ENABLE_OBJC_WEAK = YES;
				CLANG_WARN_BLOCK_CAPTURE_AUTORELEASING = YES;
				CLANG_WARN_BOOL_CONVERSION = YES;
				CLANG_WARN_COMMA = YES;
				CLANG_WARN_CONSTANT_CONVERSION = YES;
				CLANG_WARN_DEPRECATED_OBJC_IMPLEMENTATIONS = YES;
				CLANG_WARN_DIRECT_OBJC_ISA_USAGE = YES_ERROR;
				CLANG_WARN_DOCUMENTATION_COMMENTS = YES;
				CLANG_WARN_EMPTY_BODY = YES;
				CLANG_WARN_ENUM_CONVERSION = YES;
				CLANG_WARN_INFINITE_RECURSION = YES;
				CLANG_WARN_INT_CONVERSION = YES;
				CLANG_WARN_NON_LITERAL_NULL_CONVERSION = YES;
				CLANG_WARN_OBJC_IMPLICIT_RETAIN_SELF = YES;
				CLANG_WARN_OBJC_LITERAL_CONVERSION = YES;
				CLANG_WARN_OBJC_ROOT_CLASS = YES_ERROR;
				CLANG_WARN_RANGE_LOOP_ANALYSIS = YES;
				CLANG_WARN_STRICT_PROTOTYPES = YES;
				CLANG_WARN_SUSPICIOUS_MOVE = YES;
				CLANG_WARN_UNGUARDED_AVAILABILITY = YES_AGGRESSIVE;
				CLANG_WARN_UNREACHABLE_CODE = YES;
				CLANG_WARN__DUPLICATE_METHOD_MATCH = YES;
				COPY_PHASE_STRIP = NO;
				DEBUG_INFORMATION_FORMAT = dwarf;
				ENABLE_STRICT_OBJC_MSGSEND = YES;
				ENABLE_TESTABILITY = YES;
				GCC_C_LANGUAGE_STANDARD = gnu11;
				GCC_DYNAMIC_NO_PIC = NO;
				GCC_NO_COMMON_BLOCKS = YES;
				GCC_OPTIMIZATION_LEVEL = 0;
				GCC_PREPROCESSOR_DEFINITIONS = (
					"DEBUG=1",
					"$(inherited)",
				);
				GCC_WARN_64_TO_32_BIT_CONVERSION = YES;
				GCC_WARN_ABOUT_RETURN_TYPE = YES_ERROR;
				GCC_WARN_UNDECLARED_SELECTOR = YES;
				GCC_WARN_UNINITIALIZED_AUTOS = YES_AGGRESSIVE;
				GCC_WARN_UNUSED_FUNCTION = YES;
				GCC_WARN_UNUSED_VARIABLE = YES;
				IPHONEOS_DEPLOYMENT_TARGET = 13.5;
				MTL_ENABLE_DEBUG_INFO = INCLUDE_SOURCE;
				MTL_FAST_MATH = YES;
				ONLY_ACTIVE_ARCH = YES;
				SDKROOT = iphoneos;
				SWIFT_ACTIVE_COMPILATION_CONDITIONS = DEBUG;
				SWIFT_OPTIMIZATION_LEVEL = "-Onone";
			};
			name = Debug;
		};
		A067EC75258E22180073667A /* Release */ = {
			isa = XCBuildConfiguration;
			buildSettings = {
				ALWAYS_SEARCH_USER_PATHS = NO;
				CLANG_ANALYZER_NONNULL = YES;
				CLANG_ANALYZER_NUMBER_OBJECT_CONVERSION = YES_AGGRESSIVE;
				CLANG_CXX_LANGUAGE_STANDARD = "gnu++14";
				CLANG_CXX_LIBRARY = "libc++";
				CLANG_ENABLE_MODULES = YES;
				CLANG_ENABLE_OBJC_ARC = YES;
				CLANG_ENABLE_OBJC_WEAK = YES;
				CLANG_WARN_BLOCK_CAPTURE_AUTORELEASING = YES;
				CLANG_WARN_BOOL_CONVERSION = YES;
				CLANG_WARN_COMMA = YES;
				CLANG_WARN_CONSTANT_CONVERSION = YES;
				CLANG_WARN_DEPRECATED_OBJC_IMPLEMENTATIONS = YES;
				CLANG_WARN_DIRECT_OBJC_ISA_USAGE = YES_ERROR;
				CLANG_WARN_DOCUMENTATION_COMMENTS = YES;
				CLANG_WARN_EMPTY_BODY = YES;
				CLANG_WARN_ENUM_CONVERSION = YES;
				CLANG_WARN_INFINITE_RECURSION = YES;
				CLANG_WARN_INT_CONVERSION = YES;
				CLANG_WARN_NON_LITERAL_NULL_CONVERSION = YES;
				CLANG_WARN_OBJC_IMPLICIT_RETAIN_SELF = YES;
				CLANG_WARN_OBJC_LITERAL_CONVERSION = YES;
				CLANG_WARN_OBJC_ROOT_CLASS = YES_ERROR;
				CLANG_WARN_RANGE_LOOP_ANALYSIS = YES;
				CLANG_WARN_STRICT_PROTOTYPES = YES;
				CLANG_WARN_SUSPICIOUS_MOVE = YES;
				CLANG_WARN_UNGUARDED_AVAILABILITY = YES_AGGRESSIVE;
				CLANG_WARN_UNREACHABLE_CODE = YES;
				CLANG_WARN__DUPLICATE_METHOD_MATCH = YES;
				COPY_PHASE_STRIP = NO;
				DEBUG_INFORMATION_FORMAT = "dwarf-with-dsym";
				ENABLE_NS_ASSERTIONS = NO;
				ENABLE_STRICT_OBJC_MSGSEND = YES;
				GCC_C_LANGUAGE_STANDARD = gnu11;
				GCC_NO_COMMON_BLOCKS = YES;
				GCC_WARN_64_TO_32_BIT_CONVERSION = YES;
				GCC_WARN_ABOUT_RETURN_TYPE = YES_ERROR;
				GCC_WARN_UNDECLARED_SELECTOR = YES;
				GCC_WARN_UNINITIALIZED_AUTOS = YES_AGGRESSIVE;
				GCC_WARN_UNUSED_FUNCTION = YES;
				GCC_WARN_UNUSED_VARIABLE = YES;
				IPHONEOS_DEPLOYMENT_TARGET = 13.5;
				MTL_ENABLE_DEBUG_INFO = NO;
				MTL_FAST_MATH = YES;
				SDKROOT = iphoneos;
				SWIFT_COMPILATION_MODE = wholemodule;
				SWIFT_OPTIMIZATION_LEVEL = "-O";
				VALIDATE_PRODUCT = YES;
			};
			name = Release;
		};
		A067EC77258E22180073667A /* Debug */ = {
			isa = XCBuildConfiguration;
			baseConfigurationReference = 13A61F6BC13F414D7CDE83CF /* Pods-BlackStoneTask.debug.xcconfig */;
			buildSettings = {
				ASSETCATALOG_COMPILER_APPICON_NAME = AppIcon;
				CODE_SIGN_STYLE = Automatic;
				INFOPLIST_FILE = BlackStoneTask/Info.plist;
				LD_RUNPATH_SEARCH_PATHS = (
					"$(inherited)",
					"@executable_path/Frameworks",
				);
				PRODUCT_BUNDLE_IDENTIFIER = com.BlackStoneTask.BlackStoneTask;
				PRODUCT_NAME = "$(TARGET_NAME)";
				SWIFT_VERSION = 5.0;
				TARGETED_DEVICE_FAMILY = "1,2";
			};
			name = Debug;
		};
		A067EC78258E22180073667A /* Release */ = {
			isa = XCBuildConfiguration;
			baseConfigurationReference = 84B365F3B5C9E05F879D9774 /* Pods-BlackStoneTask.release.xcconfig */;
			buildSettings = {
				ASSETCATALOG_COMPILER_APPICON_NAME = AppIcon;
				CODE_SIGN_STYLE = Automatic;
				INFOPLIST_FILE = BlackStoneTask/Info.plist;
				LD_RUNPATH_SEARCH_PATHS = (
					"$(inherited)",
					"@executable_path/Frameworks",
				);
				PRODUCT_BUNDLE_IDENTIFIER = com.BlackStoneTask.BlackStoneTask;
				PRODUCT_NAME = "$(TARGET_NAME)";
				SWIFT_VERSION = 5.0;
				TARGETED_DEVICE_FAMILY = "1,2";
			};
			name = Release;
		};
		A067EC7A258E22180073667A /* Debug */ = {
			isa = XCBuildConfiguration;
			baseConfigurationReference = 47F60937F3BDBEE3779A893F /* Pods-BlackStoneTaskTests.debug.xcconfig */;
			buildSettings = {
				ALWAYS_EMBED_SWIFT_STANDARD_LIBRARIES = YES;
				BUNDLE_LOADER = "$(TEST_HOST)";
				CODE_SIGN_STYLE = Automatic;
				INFOPLIST_FILE = BlackStoneTaskTests/Info.plist;
				IPHONEOS_DEPLOYMENT_TARGET = 13.5;
				LD_RUNPATH_SEARCH_PATHS = (
					"$(inherited)",
					"@executable_path/Frameworks",
					"@loader_path/Frameworks",
				);
				PRODUCT_BUNDLE_IDENTIFIER = com.BlackStoneTask.BlackStoneTaskTests;
				PRODUCT_NAME = "$(TARGET_NAME)";
				SWIFT_VERSION = 5.0;
				TARGETED_DEVICE_FAMILY = "1,2";
				TEST_HOST = "$(BUILT_PRODUCTS_DIR)/BlackStoneTask.app/BlackStoneTask";
			};
			name = Debug;
		};
		A067EC7B258E22180073667A /* Release */ = {
			isa = XCBuildConfiguration;
			baseConfigurationReference = CB85DD71C4024DBEB7229118 /* Pods-BlackStoneTaskTests.release.xcconfig */;
			buildSettings = {
				ALWAYS_EMBED_SWIFT_STANDARD_LIBRARIES = YES;
				BUNDLE_LOADER = "$(TEST_HOST)";
				CODE_SIGN_STYLE = Automatic;
				INFOPLIST_FILE = BlackStoneTaskTests/Info.plist;
				IPHONEOS_DEPLOYMENT_TARGET = 13.5;
				LD_RUNPATH_SEARCH_PATHS = (
					"$(inherited)",
					"@executable_path/Frameworks",
					"@loader_path/Frameworks",
				);
				PRODUCT_BUNDLE_IDENTIFIER = com.BlackStoneTask.BlackStoneTaskTests;
				PRODUCT_NAME = "$(TARGET_NAME)";
				SWIFT_VERSION = 5.0;
				TARGETED_DEVICE_FAMILY = "1,2";
				TEST_HOST = "$(BUILT_PRODUCTS_DIR)/BlackStoneTask.app/BlackStoneTask";
			};
			name = Release;
		};
		A067EC7D258E22180073667A /* Debug */ = {
			isa = XCBuildConfiguration;
			baseConfigurationReference = 42799086E33684A98BFF9113 /* Pods-BlackStoneTask-BlackStoneTaskUITests.debug.xcconfig */;
			buildSettings = {
				ALWAYS_EMBED_SWIFT_STANDARD_LIBRARIES = YES;
				CODE_SIGN_STYLE = Automatic;
				INFOPLIST_FILE = BlackStoneTaskUITests/Info.plist;
				LD_RUNPATH_SEARCH_PATHS = (
					"$(inherited)",
					"@executable_path/Frameworks",
					"@loader_path/Frameworks",
				);
				PRODUCT_BUNDLE_IDENTIFIER = com.BlackStoneTask.BlackStoneTaskUITests;
				PRODUCT_NAME = "$(TARGET_NAME)";
				SWIFT_VERSION = 5.0;
				TARGETED_DEVICE_FAMILY = "1,2";
				TEST_TARGET_NAME = BlackStoneTask;
			};
			name = Debug;
		};
		A067EC7E258E22180073667A /* Release */ = {
			isa = XCBuildConfiguration;
			baseConfigurationReference = 01D347B76A49C3CE54AD611F /* Pods-BlackStoneTask-BlackStoneTaskUITests.release.xcconfig */;
			buildSettings = {
				ALWAYS_EMBED_SWIFT_STANDARD_LIBRARIES = YES;
				CODE_SIGN_STYLE = Automatic;
				INFOPLIST_FILE = BlackStoneTaskUITests/Info.plist;
				LD_RUNPATH_SEARCH_PATHS = (
					"$(inherited)",
					"@executable_path/Frameworks",
					"@loader_path/Frameworks",
				);
				PRODUCT_BUNDLE_IDENTIFIER = com.BlackStoneTask.BlackStoneTaskUITests;
				PRODUCT_NAME = "$(TARGET_NAME)";
				SWIFT_VERSION = 5.0;
				TARGETED_DEVICE_FAMILY = "1,2";
				TEST_TARGET_NAME = BlackStoneTask;
			};
			name = Release;
		};
/* End XCBuildConfiguration section */

/* Begin XCConfigurationList section */
		A067EC47258E22160073667A /* Build configuration list for PBXProject "BlackStoneTask" */ = {
			isa = XCConfigurationList;
			buildConfigurations = (
				A067EC74258E22180073667A /* Debug */,
				A067EC75258E22180073667A /* Release */,
			);
			defaultConfigurationIsVisible = 0;
			defaultConfigurationName = Release;
		};
		A067EC76258E22180073667A /* Build configuration list for PBXNativeTarget "BlackStoneTask" */ = {
			isa = XCConfigurationList;
			buildConfigurations = (
				A067EC77258E22180073667A /* Debug */,
				A067EC78258E22180073667A /* Release */,
			);
			defaultConfigurationIsVisible = 0;
			defaultConfigurationName = Release;
		};
		A067EC79258E22180073667A /* Build configuration list for PBXNativeTarget "BlackStoneTaskTests" */ = {
			isa = XCConfigurationList;
			buildConfigurations = (
				A067EC7A258E22180073667A /* Debug */,
				A067EC7B258E22180073667A /* Release */,
			);
			defaultConfigurationIsVisible = 0;
			defaultConfigurationName = Release;
		};
		A067EC7C258E22180073667A /* Build configuration list for PBXNativeTarget "BlackStoneTaskUITests" */ = {
			isa = XCConfigurationList;
			buildConfigurations = (
				A067EC7D258E22180073667A /* Debug */,
				A067EC7E258E22180073667A /* Release */,
			);
			defaultConfigurationIsVisible = 0;
			defaultConfigurationName = Release;
		};
/* End XCConfigurationList section */
	};
	rootObject = A067EC44258E22160073667A /* Project object */;
}
